
Microsoft Visual Studio Solution File, Format Version 12.00
# Visual Studio Version 17
VisualStudioVersion = 17.0.31903.59
MinimumVisualStudioVersion = 10.0.40219.1
Project("{9A19103F-16F7-4668-BE54-9A1E7A4F7556}") = "IndustrialInference.BPlusTree", "IndustrialInference.PersistentHeap\IndustrialInference.BPlusTree.csproj", "{2D127A94-89BD-447C-9027-8B6A399F61DD}"
EndProject
Project("{9A19103F-16F7-4668-BE54-9A1E7A4F7556}") = "Benchmarks", "test\Benchmarks\Benchmarks.csproj", "{2057C0F0-5D4D-4B39-938F-7E68F6515836}"
EndProject
Project("{9A19103F-16F7-4668-BE54-9A1E7A4F7556}") = "Tests", "test\Tests\Tests.csproj", "{E995B580-BCA7-479D-BC2A-6E9E1B5B4B4E}"
EndProject
Global
	GlobalSection(SolutionConfigurationPlatforms) = preSolution
		Debug|Any CPU = Debug|Any CPU
		Release|Any CPU = Release|Any CPU
	EndGlobalSection
	GlobalSection(ProjectConfigurationPlatforms) = postSolution
		{2D127A94-89BD-447C-9027-8B6A399F61DD}.Debug|Any CPU.ActiveCfg = Debug|Any CPU
		{2D127A94-89BD-447C-9027-8B6A399F61DD}.Debug|Any CPU.Build.0 = Debug|Any CPU
		{2D127A94-89BD-447C-9027-8B6A399F61DD}.Release|Any CPU.ActiveCfg = Release|Any CPU
		{2D127A94-89BD-447C-9027-8B6A399F61DD}.Release|Any CPU.Build.0 = Release|Any CPU
		{2057C0F0-5D4D-4B39-938F-7E68F6515836}.Debug|Any CPU.ActiveCfg = Debug|Any CPU
		{2057C0F0-5D4D-4B39-938F-7E68F6515836}.Debug|Any CPU.Build.0 = Debug|Any CPU
		{2057C0F0-5D4D-4B39-938F-7E68F6515836}.Release|Any CPU.ActiveCfg = Release|Any CPU
		{2057C0F0-5D4D-4B39-938F-7E68F6515836}.Release|Any CPU.Build.0 = Release|Any CPU
		{E995B580-BCA7-479D-BC2A-6E9E1B5B4B4E}.Debug|Any CPU.ActiveCfg = Debug|Any CPU
		{E995B580-BCA7-479D-BC2A-6E9E1B5B4B4E}.Debug|Any CPU.Build.0 = Debug|Any CPU
		{E995B580-BCA7-479D-BC2A-6E9E1B5B4B4E}.Release|Any CPU.ActiveCfg = Release|Any CPU
		{E995B580-BCA7-479D-BC2A-6E9E1B5B4B4E}.Release|Any CPU.Build.0 = Release|Any CPU
	EndGlobalSection
	GlobalSection(SolutionProperties) = preSolution
		HideSolutionNode = FALSE
	EndGlobalSection
	GlobalSection(ExtensibilityGlobals) = postSolution
		SolutionGuid = {C0D1FC99-D022-463C-8AD8-EADDC448C352}
	EndGlobalSection
EndGlobal
